
Microsoft Visual Studio Solution File, Format Version 12.00
# Visual Studio Version 17
VisualStudioVersion = 17.4.33103.184
MinimumVisualStudioVersion = 10.0.40219.1
Project("{9A19103F-16F7-4668-BE54-9A1E7A4F7556}") = "Kit9", "Kit9.csproj", "{FAB8B9A4-E204-4CEE-97F2-C524EEF35FCC}"
EndProject
Project("{2150E333-8FDC-42A3-9474-1A3956D46DE8}") = "Solution Items", "Solution Items", "{B94EC291-8C33-4F83-AD5D-B28DBE22826F}"
	ProjectSection(SolutionItems) = preProject
		Startup.cs = Startup.cs
	EndProjectSection
EndProject
Global
	GlobalSection(SolutionConfigurationPlatforms) = preSolution
		Debug|Any CPU = Debug|Any CPU
		Release|Any CPU = Release|Any CPU
	EndGlobalSection
	GlobalSection(ProjectConfigurationPlatforms) = postSolution
		{FAB8B9A4-E204-4CEE-97F2-C524EEF35FCC}.Debug|Any CPU.ActiveCfg = Debug|Any CPU
		{FAB8B9A4-E204-4CEE-97F2-C524EEF35FCC}.Debug|Any CPU.Build.0 = Debug|Any CPU
		{FAB8B9A4-E204-4CEE-97F2-C524EEF35FCC}.Release|Any CPU.ActiveCfg = Release|Any CPU
		{FAB8B9A4-E204-4CEE-97F2-C524EEF35FCC}.Release|Any CPU.Build.0 = Release|Any CPU
	EndGlobalSection
	GlobalSection(SolutionProperties) = preSolution
		HideSolutionNode = FALSE
	EndGlobalSection
	GlobalSection(ExtensibilityGlobals) = postSolution
		SolutionGuid = {6854CB47-94A7-4F83-9D74-208E495D566F}
	EndGlobalSection
EndGlobal
